{
  "name": "comicwebserver",
  "version": "1.0.0",
  "lockfileVersion": 1,
  "requires": true,
  "dependencies": {
    "node-unrar-js": {
      "version": "0.8.1",
      "resolved": "https://registry.npmjs.org/node-unrar-js/-/node-unrar-js-0.8.1.tgz",
      "integrity": "sha1-NRiO96rrq4VC/d0jfUBA8fP+5u4="
    },
    "unrar": {
      "version": "0.1.7",
      "resolved": "https://registry.npmjs.org/unrar/-/unrar-0.1.7.tgz",
      "integrity": "sha1-VGVwCA8EDeMDzNnEf3535zzZ5/g="
    }
  }
}
